
Microsoft Visual Studio Solution File, Format Version 9.00
# Visual C# Express 2005
Project("{FAE04EC0-301F-11D3-BF4B-00C04F79EFBC}") = "Project Hoshimi Tutorial3", "Project Hoshimi Tutorial3\Project Hoshimi Tutorial3.csproj", "{768432DB-AA3B-4F03-903B-F38D31E668D1}"
EndProject
Global
	GlobalSection(SolutionConfigurationPlatforms) = preSolution
		Debug|Any CPU = Debug|Any CPU
		Release|Any CPU = Release|Any CPU
	EndGlobalSection
	GlobalSection(ProjectConfigurationPlatforms) = postSolution
		{768432DB-AA3B-4F03-903B-F38D31E668D1}.Debug|Any CPU.ActiveCfg = Debug|Any CPU
		{768432DB-AA3B-4F03-903B-F38D31E668D1}.Debug|Any CPU.Build.0 = Debug|Any CPU
		{768432DB-AA3B-4F03-903B-F38D31E668D1}.Release|Any CPU.ActiveCfg = Release|Any CPU
		{768432DB-AA3B-4F03-903B-F38D31E668D1}.Release|Any CPU.Build.0 = Release|Any CPU
	EndGlobalSection
	GlobalSection(SolutionProperties) = preSolution
		HideSolutionNode = FALSE
	EndGlobalSection
EndGlobal
