
Microsoft Visual Studio Solution File, Format Version 9.00
# Visual Studio 2005
Project("{FAE04EC0-301F-11D3-BF4B-00C04F79EFBC}") = "CSTut1", "CSTut1\CSTut1.csproj", "{4E9AC261-322F-4AFF-B086-AFA673380AC9}"
EndProject
Project("{F184B08F-C81C-45F6-A57F-5ABD9991F28F}") = "VBTut1", "VBTut1\VBTut1.vbproj", "{E15BA27C-DF0B-4316-917D-54D382F5E6FF}"
EndProject
Project("{FAE04EC0-301F-11D3-BF4B-00C04F79EFBC}") = "CSTut2", "CSTut2\CSTut2.csproj", "{6BEAF8AF-4F1D-454F-B47F-27A3AA59D7AE}"
EndProject
Project("{F184B08F-C81C-45F6-A57F-5ABD9991F28F}") = "VBTut2", "VBTut2\VBTut2.vbproj", "{426E63D6-A56C-4794-86C2-25B4EF491ABC}"
EndProject
Project("{F184B08F-C81C-45F6-A57F-5ABD9991F28F}") = "VBTut3", "VBTut3\VBTut3.vbproj", "{E54F5F91-895D-4DE1-9219-60D7111E1161}"
EndProject
Project("{FAE04EC0-301F-11D3-BF4B-00C04F79EFBC}") = "CSTut3", "CSTut3\CSTut3.csproj", "{D1993F8E-4E95-4702-AD47-6E10FDB2DB66}"
EndProject
Project("{FAE04EC0-301F-11D3-BF4B-00C04F79EFBC}") = "CSTut4", "CSTut4\CSTut4.csproj", "{6AF8DDE6-6559-4769-852B-910ED47A6248}"
EndProject
Project("{F184B08F-C81C-45F6-A57F-5ABD9991F28F}") = "VBTut4", "VBTut4\VBTut4.vbproj", "{06BD9AB6-21C6-4513-8BE1-10467CB2D9EB}"
EndProject
Project("{FAE04EC0-301F-11D3-BF4B-00C04F79EFBC}") = "CSTemplate", "CSTemplate\CSTemplate.csproj", "{BDC968C8-C614-4D9C-9D09-CF4649127D19}"
EndProject
Project("{F184B08F-C81C-45F6-A57F-5ABD9991F28F}") = "VBTemplate", "VBTemplate\VBTemplate.vbproj", "{10BE8F47-2010-4F24-80A0-F113FD07E52E}"
EndProject
Global
	GlobalSection(SolutionConfigurationPlatforms) = preSolution
		Debug|Any CPU = Debug|Any CPU
		Release|Any CPU = Release|Any CPU
	EndGlobalSection
	GlobalSection(ProjectConfigurationPlatforms) = postSolution
		{4E9AC261-322F-4AFF-B086-AFA673380AC9}.Debug|Any CPU.ActiveCfg = Debug|Any CPU
		{4E9AC261-322F-4AFF-B086-AFA673380AC9}.Debug|Any CPU.Build.0 = Debug|Any CPU
		{4E9AC261-322F-4AFF-B086-AFA673380AC9}.Release|Any CPU.ActiveCfg = Release|Any CPU
		{4E9AC261-322F-4AFF-B086-AFA673380AC9}.Release|Any CPU.Build.0 = Release|Any CPU
		{E15BA27C-DF0B-4316-917D-54D382F5E6FF}.Debug|Any CPU.ActiveCfg = Debug|Any CPU
		{E15BA27C-DF0B-4316-917D-54D382F5E6FF}.Debug|Any CPU.Build.0 = Debug|Any CPU
		{E15BA27C-DF0B-4316-917D-54D382F5E6FF}.Release|Any CPU.ActiveCfg = Release|Any CPU
		{E15BA27C-DF0B-4316-917D-54D382F5E6FF}.Release|Any CPU.Build.0 = Release|Any CPU
		{6BEAF8AF-4F1D-454F-B47F-27A3AA59D7AE}.Debug|Any CPU.ActiveCfg = Debug|Any CPU
		{6BEAF8AF-4F1D-454F-B47F-27A3AA59D7AE}.Debug|Any CPU.Build.0 = Debug|Any CPU
		{6BEAF8AF-4F1D-454F-B47F-27A3AA59D7AE}.Release|Any CPU.ActiveCfg = Release|Any CPU
		{6BEAF8AF-4F1D-454F-B47F-27A3AA59D7AE}.Release|Any CPU.Build.0 = Release|Any CPU
		{426E63D6-A56C-4794-86C2-25B4EF491ABC}.Debug|Any CPU.ActiveCfg = Debug|Any CPU
		{426E63D6-A56C-4794-86C2-25B4EF491ABC}.Debug|Any CPU.Build.0 = Debug|Any CPU
		{426E63D6-A56C-4794-86C2-25B4EF491ABC}.Release|Any CPU.ActiveCfg = Release|Any CPU
		{426E63D6-A56C-4794-86C2-25B4EF491ABC}.Release|Any CPU.Build.0 = Release|Any CPU
		{E54F5F91-895D-4DE1-9219-60D7111E1161}.Debug|Any CPU.ActiveCfg = Debug|Any CPU
		{E54F5F91-895D-4DE1-9219-60D7111E1161}.Debug|Any CPU.Build.0 = Debug|Any CPU
		{E54F5F91-895D-4DE1-9219-60D7111E1161}.Release|Any CPU.ActiveCfg = Release|Any CPU
		{E54F5F91-895D-4DE1-9219-60D7111E1161}.Release|Any CPU.Build.0 = Release|Any CPU
		{D1993F8E-4E95-4702-AD47-6E10FDB2DB66}.Debug|Any CPU.ActiveCfg = Debug|Any CPU
		{D1993F8E-4E95-4702-AD47-6E10FDB2DB66}.Debug|Any CPU.Build.0 = Debug|Any CPU
		{D1993F8E-4E95-4702-AD47-6E10FDB2DB66}.Release|Any CPU.ActiveCfg = Release|Any CPU
		{D1993F8E-4E95-4702-AD47-6E10FDB2DB66}.Release|Any CPU.Build.0 = Release|Any CPU
		{6AF8DDE6-6559-4769-852B-910ED47A6248}.Debug|Any CPU.ActiveCfg = Debug|Any CPU
		{6AF8DDE6-6559-4769-852B-910ED47A6248}.Debug|Any CPU.Build.0 = Debug|Any CPU
		{6AF8DDE6-6559-4769-852B-910ED47A6248}.Release|Any CPU.ActiveCfg = Release|Any CPU
		{6AF8DDE6-6559-4769-852B-910ED47A6248}.Release|Any CPU.Build.0 = Release|Any CPU
		{06BD9AB6-21C6-4513-8BE1-10467CB2D9EB}.Debug|Any CPU.ActiveCfg = Debug|Any CPU
		{06BD9AB6-21C6-4513-8BE1-10467CB2D9EB}.Debug|Any CPU.Build.0 = Debug|Any CPU
		{06BD9AB6-21C6-4513-8BE1-10467CB2D9EB}.Release|Any CPU.ActiveCfg = Release|Any CPU
		{06BD9AB6-21C6-4513-8BE1-10467CB2D9EB}.Release|Any CPU.Build.0 = Release|Any CPU
		{BDC968C8-C614-4D9C-9D09-CF4649127D19}.Debug|Any CPU.ActiveCfg = Debug|Any CPU
		{BDC968C8-C614-4D9C-9D09-CF4649127D19}.Debug|Any CPU.Build.0 = Debug|Any CPU
		{BDC968C8-C614-4D9C-9D09-CF4649127D19}.Release|Any CPU.ActiveCfg = Release|Any CPU
		{BDC968C8-C614-4D9C-9D09-CF4649127D19}.Release|Any CPU.Build.0 = Release|Any CPU
		{10BE8F47-2010-4F24-80A0-F113FD07E52E}.Debug|Any CPU.ActiveCfg = Debug|Any CPU
		{10BE8F47-2010-4F24-80A0-F113FD07E52E}.Debug|Any CPU.Build.0 = Debug|Any CPU
		{10BE8F47-2010-4F24-80A0-F113FD07E52E}.Release|Any CPU.ActiveCfg = Release|Any CPU
		{10BE8F47-2010-4F24-80A0-F113FD07E52E}.Release|Any CPU.Build.0 = Release|Any CPU
	EndGlobalSection
	GlobalSection(SolutionProperties) = preSolution
		HideSolutionNode = FALSE
	EndGlobalSection
EndGlobal
